
Microsoft Visual Studio Solution File, Format Version 12.00
# Visual Studio 15
VisualStudioVersion = 15.0.28307.852
MinimumVisualStudioVersion = 10.0.40219.1
Project("{FAE04EC0-301F-11D3-BF4B-00C04F79EFBC}") = "300983145(sruthi)_Lab2", "300983145(sruthi)_Lab2\300983145(sruthi)_Lab2.csproj", "{CA2D15B0-E92C-4DCB-88C2-0E084929F235}"
EndProject
Global
	GlobalSection(SolutionConfigurationPlatforms) = preSolution
		Debug|Any CPU = Debug|Any CPU
		Debug|x64 = Debug|x64
		Debug|x86 = Debug|x86
		Release|Any CPU = Release|Any CPU
		Release|x64 = Release|x64
		Release|x86 = Release|x86
	EndGlobalSection
	GlobalSection(ProjectConfigurationPlatforms) = postSolution
		{CA2D15B0-E92C-4DCB-88C2-0E084929F235}.Debug|Any CPU.ActiveCfg = Debug|Any CPU
		{CA2D15B0-E92C-4DCB-88C2-0E084929F235}.Debug|Any CPU.Build.0 = Debug|Any CPU
		{CA2D15B0-E92C-4DCB-88C2-0E084929F235}.Debug|x64.ActiveCfg = Debug|Any CPU
		{CA2D15B0-E92C-4DCB-88C2-0E084929F235}.Debug|x64.Build.0 = Debug|Any CPU
		{CA2D15B0-E92C-4DCB-88C2-0E084929F235}.Debug|x86.ActiveCfg = Debug|Any CPU
		{CA2D15B0-E92C-4DCB-88C2-0E084929F235}.Debug|x86.Build.0 = Debug|Any CPU
		{CA2D15B0-E92C-4DCB-88C2-0E084929F235}.Release|Any CPU.ActiveCfg = Release|Any CPU
		{CA2D15B0-E92C-4DCB-88C2-0E084929F235}.Release|Any CPU.Build.0 = Release|Any CPU
		{CA2D15B0-E92C-4DCB-88C2-0E084929F235}.Release|x64.ActiveCfg = Release|Any CPU
		{CA2D15B0-E92C-4DCB-88C2-0E084929F235}.Release|x64.Build.0 = Release|Any CPU
		{CA2D15B0-E92C-4DCB-88C2-0E084929F235}.Release|x86.ActiveCfg = Release|Any CPU
		{CA2D15B0-E92C-4DCB-88C2-0E084929F235}.Release|x86.Build.0 = Release|Any CPU
	EndGlobalSection
	GlobalSection(SolutionProperties) = preSolution
		HideSolutionNode = FALSE
	EndGlobalSection
	GlobalSection(ExtensibilityGlobals) = postSolution
		SolutionGuid = {F3CD3C83-C484-4B7D-B559-36826E8E10ED}
	EndGlobalSection
EndGlobal
